
Microsoft Visual Studio Solution File, Format Version 12.00
# Visual Studio 14
VisualStudioVersion = 14.0.25420.1
MinimumVisualStudioVersion = 10.0.40219.1
Project("{FAE04EC0-301F-11D3-BF4B-00C04F79EFBC}") = "DemoFlowListView", "DemoFlowListView\DemoFlowListView\DemoFlowListView.csproj", "{971F6E21-4B3A-4D72-9FF2-9CB65B72CF8C}"
EndProject
Project("{FAE04EC0-301F-11D3-BF4B-00C04F79EFBC}") = "DemoFlowListView.Droid", "DemoFlowListView\DemoFlowListView.Droid\DemoFlowListView.Droid.csproj", "{95BD024E-D39D-46A7-A976-1B837E436ED5}"
EndProject
Global
	GlobalSection(SolutionConfigurationPlatforms) = preSolution
		Debug|Any CPU = Debug|Any CPU
		Release|Any CPU = Release|Any CPU
	EndGlobalSection
	GlobalSection(ProjectConfigurationPlatforms) = postSolution
		{971F6E21-4B3A-4D72-9FF2-9CB65B72CF8C}.Debug|Any CPU.ActiveCfg = Debug|Any CPU
		{971F6E21-4B3A-4D72-9FF2-9CB65B72CF8C}.Debug|Any CPU.Build.0 = Debug|Any CPU
		{971F6E21-4B3A-4D72-9FF2-9CB65B72CF8C}.Release|Any CPU.ActiveCfg = Release|Any CPU
		{971F6E21-4B3A-4D72-9FF2-9CB65B72CF8C}.Release|Any CPU.Build.0 = Release|Any CPU
		{95BD024E-D39D-46A7-A976-1B837E436ED5}.Debug|Any CPU.ActiveCfg = Debug|Any CPU
		{95BD024E-D39D-46A7-A976-1B837E436ED5}.Debug|Any CPU.Build.0 = Debug|Any CPU
		{95BD024E-D39D-46A7-A976-1B837E436ED5}.Debug|Any CPU.Deploy.0 = Debug|Any CPU
		{95BD024E-D39D-46A7-A976-1B837E436ED5}.Release|Any CPU.ActiveCfg = Release|Any CPU
		{95BD024E-D39D-46A7-A976-1B837E436ED5}.Release|Any CPU.Build.0 = Release|Any CPU
		{95BD024E-D39D-46A7-A976-1B837E436ED5}.Release|Any CPU.Deploy.0 = Release|Any CPU
	EndGlobalSection
	GlobalSection(SolutionProperties) = preSolution
		HideSolutionNode = FALSE
	EndGlobalSection
EndGlobal
